// !$*UTF8*$!
{
	archiveVersion = 1;
	classes = {
	};
	objectVersion = 46;
	objects = {

/* Begin PBXBuildFile section */
		8361E35418773B61001F872A /* WeatherDetailsViewController.m in Sources */ = {isa = PBXBuildFile; fileRef = 8361E35318773B61001F872A /* WeatherDetailsViewController.m */; };
		837C45781879B3AE00F897E7 /* PageViewController.m in Sources */ = {isa = PBXBuildFile; fileRef = 837C45771879B3AE00F897E7 /* PageViewController.m */; };
		837C457B1879B5BE00F897E7 /* WeatherForecastViewController.m in Sources */ = {isa = PBXBuildFile; fileRef = 837C457A1879B5BE00F897E7 /* WeatherForecastViewController.m */; };
		83B0E2D118743CE9007EE5FB /* City.m in Sources */ = {isa = PBXBuildFile; fileRef = 83B0E2D018743CE9007EE5FB /* City.m */; };
		83B0E2D41874D165007EE5FB /* IconPicker.m in Sources */ = {isa = PBXBuildFile; fileRef = 83B0E2D31874D165007EE5FB /* IconPicker.m */; };
		83DC46F2187311D200DEB6C2 /* Foundation.framework in Frameworks */ = {isa = PBXBuildFile; fileRef = 83DC46F1187311D200DEB6C2 /* Foundation.framework */; };
		83DC46F4187311D200DEB6C2 /* CoreGraphics.framework in Frameworks */ = {isa = PBXBuildFile; fileRef = 83DC46F3187311D200DEB6C2 /* CoreGraphics.framework */; };
		83DC46F6187311D200DEB6C2 /* UIKit.framework in Frameworks */ = {isa = PBXBuildFile; fileRef = 83DC46F5187311D200DEB6C2 /* UIKit.framework */; };
		83DC46FC187311D200DEB6C2 /* InfoPlist.strings in Resources */ = {isa = PBXBuildFile; fileRef = 83DC46FA187311D200DEB6C2 /* InfoPlist.strings */; };
		83DC46FE187311D200DEB6C2 /* main.m in Sources */ = {isa = PBXBuildFile; fileRef = 83DC46FD187311D200DEB6C2 /* main.m */; };
		83DC4702187311D200DEB6C2 /* AppDelegate.m in Sources */ = {isa = PBXBuildFile; fileRef = 83DC4701187311D200DEB6C2 /* AppDelegate.m */; };
		83DC4704187311D200DEB6C2 /* Images.xcassets in Resources */ = {isa = PBXBuildFile; fileRef = 83DC4703187311D200DEB6C2 /* Images.xcassets */; };
		83DC470B187311D200DEB6C2 /* XCTest.framework in Frameworks */ = {isa = PBXBuildFile; fileRef = 83DC470A187311D200DEB6C2 /* XCTest.framework */; };
		83DC470C187311D200DEB6C2 /* Foundation.framework in Frameworks */ = {isa = PBXBuildFile; fileRef = 83DC46F1187311D200DEB6C2 /* Foundation.framework */; };
		83DC470D187311D200DEB6C2 /* UIKit.framework in Frameworks */ = {isa = PBXBuildFile; fileRef = 83DC46F5187311D200DEB6C2 /* UIKit.framework */; };
		83DC4715187311D200DEB6C2 /* InfoPlist.strings in Resources */ = {isa = PBXBuildFile; fileRef = 83DC4713187311D200DEB6C2 /* InfoPlist.strings */; };
		83DC4717187311D200DEB6C2 /* Weather_ForecastTests.m in Sources */ = {isa = PBXBuildFile; fileRef = 83DC4716187311D200DEB6C2 /* Weather_ForecastTests.m */; };
		83DC47211873127900DEB6C2 /* Storyboard.storyboard in Resources */ = {isa = PBXBuildFile; fileRef = 83DC47201873127900DEB6C2 /* Storyboard.storyboard */; };
		83DC472418731F1700DEB6C2 /* AddCityViewController.m in Sources */ = {isa = PBXBuildFile; fileRef = 83DC472318731F1700DEB6C2 /* AddCityViewController.m */; };
		83DC47271873527400DEB6C2 /* CitiesViewController.m in Sources */ = {isa = PBXBuildFile; fileRef = 83DC47261873527400DEB6C2 /* CitiesViewController.m */; };
		83DC476F1873619400DEB6C2 /* CityCell.m in Sources */ = {isa = PBXBuildFile; fileRef = 83DC476E1873619400DEB6C2 /* CityCell.m */; };
/* End PBXBuildFile section */

/* Begin PBXContainerItemProxy section */
		83DC470E187311D200DEB6C2 /* PBXContainerItemProxy */ = {
			isa = PBXContainerItemProxy;
			containerPortal = 83DC46E6187311D100DEB6C2 /* Project object */;
			proxyType = 1;
			remoteGlobalIDString = 83DC46ED187311D100DEB6C2;
			remoteInfo = "Weather Forecast";
		};
/* End PBXContainerItemProxy section */

/* Begin PBXFileReference section */
		8361E35218773B61001F872A /* WeatherDetailsViewController.h */ = {isa = PBXFileReference; fileEncoding = 4; lastKnownFileType = sourcecode.c.h; path = WeatherDetailsViewController.h; sourceTree = "<group>"; };
		8361E35318773B61001F872A /* WeatherDetailsViewController.m */ = {isa = PBXFileReference; fileEncoding = 4; lastKnownFileType = sourcecode.c.objc; path = WeatherDetailsViewController.m; sourceTree = "<group>"; };
		837C45761879B3AE00F897E7 /* PageViewController.h */ = {isa = PBXFileReference; fileEncoding = 4; lastKnownFileType = sourcecode.c.h; path = PageViewController.h; sourceTree = "<group>"; };
		837C45771879B3AE00F897E7 /* PageViewController.m */ = {isa = PBXFileReference; fileEncoding = 4; lastKnownFileType = sourcecode.c.objc; path = PageViewController.m; sourceTree = "<group>"; };
		837C45791879B5BE00F897E7 /* WeatherForecastViewController.h */ = {isa = PBXFileReference; fileEncoding = 4; lastKnownFileType = sourcecode.c.h; path = WeatherForecastViewController.h; sourceTree = "<group>"; };
		837C457A1879B5BE00F897E7 /* WeatherForecastViewController.m */ = {isa = PBXFileReference; fileEncoding = 4; lastKnownFileType = sourcecode.c.objc; path = WeatherForecastViewController.m; sourceTree = "<group>"; };
		83B0E2CF18743CE9007EE5FB /* City.h */ = {isa = PBXFileReference; fileEncoding = 4; lastKnownFileType = sourcecode.c.h; path = City.h; sourceTree = "<group>"; };
		83B0E2D018743CE9007EE5FB /* City.m */ = {isa = PBXFileReference; fileEncoding = 4; lastKnownFileType = sourcecode.c.objc; path = City.m; sourceTree = "<group>"; };
		83B0E2D21874D165007EE5FB /* IconPicker.h */ = {isa = PBXFileReference; fileEncoding = 4; lastKnownFileType = sourcecode.c.h; path = IconPicker.h; sourceTree = "<group>"; };
		83B0E2D31874D165007EE5FB /* IconPicker.m */ = {isa = PBXFileReference; fileEncoding = 4; lastKnownFileType = sourcecode.c.objc; path = IconPicker.m; sourceTree = "<group>"; };
		83DC46EE187311D200DEB6C2 /* Weather Forecast.app */ = {isa = PBXFileReference; explicitFileType = wrapper.application; includeInIndex = 0; path = "Weather Forecast.app"; sourceTree = BUILT_PRODUCTS_DIR; };
		83DC46F1187311D200DEB6C2 /* Foundation.framework */ = {isa = PBXFileReference; lastKnownFileType = wrapper.framework; name = Foundation.framework; path = System/Library/Frameworks/Foundation.framework; sourceTree = SDKROOT; };
		83DC46F3187311D200DEB6C2 /* CoreGraphics.framework */ = {isa = PBXFileReference; lastKnownFileType = wrapper.framework; name = CoreGraphics.framework; path = System/Library/Frameworks/CoreGraphics.framework; sourceTree = SDKROOT; };
		83DC46F5187311D200DEB6C2 /* UIKit.framework */ = {isa = PBXFileReference; lastKnownFileType = wrapper.framework; name = UIKit.framework; path = System/Library/Frameworks/UIKit.framework; sourceTree = SDKROOT; };
		83DC46F9187311D200DEB6C2 /* Weather Forecast-Info.plist */ = {isa = PBXFileReference; lastKnownFileType = text.plist.xml; path = "Weather Forecast-Info.plist"; sourceTree = "<group>"; };
		83DC46FB187311D200DEB6C2 /* en */ = {isa = PBXFileReference; lastKnownFileType = text.plist.strings; name = en; path = en.lproj/InfoPlist.strings; sourceTree = "<group>"; };
		83DC46FD187311D200DEB6C2 /* main.m */ = {isa = PBXFileReference; lastKnownFileType = sourcecode.c.objc; path = main.m; sourceTree = "<group>"; };
		83DC46FF187311D200DEB6C2 /* Weather Forecast-Prefix.pch */ = {isa = PBXFileReference; lastKnownFileType = sourcecode.c.h; path = "Weather Forecast-Prefix.pch"; sourceTree = "<group>"; };
		83DC4700187311D200DEB6C2 /* AppDelegate.h */ = {isa = PBXFileReference; lastKnownFileType = sourcecode.c.h; path = AppDelegate.h; sourceTree = "<group>"; };
		83DC4701187311D200DEB6C2 /* AppDelegate.m */ = {isa = PBXFileReference; lastKnownFileType = sourcecode.c.objc; path = AppDelegate.m; sourceTree = "<group>"; };
		83DC4703187311D200DEB6C2 /* Images.xcassets */ = {isa = PBXFileReference; lastKnownFileType = folder.assetcatalog; path = Images.xcassets; sourceTree = "<group>"; };
		83DC4709187311D200DEB6C2 /* Weather ForecastTests.xctest */ = {isa = PBXFileReference; explicitFileType = wrapper.cfbundle; includeInIndex = 0; path = "Weather ForecastTests.xctest"; sourceTree = BUILT_PRODUCTS_DIR; };
		83DC470A187311D200DEB6C2 /* XCTest.framework */ = {isa = PBXFileReference; lastKnownFileType = wrapper.framework; name = XCTest.framework; path = Library/Frameworks/XCTest.framework; sourceTree = DEVELOPER_DIR; };
		83DC4712187311D200DEB6C2 /* Weather ForecastTests-Info.plist */ = {isa = PBXFileReference; lastKnownFileType = text.plist.xml; path = "Weather ForecastTests-Info.plist"; sourceTree = "<group>"; };
		83DC4714187311D200DEB6C2 /* en */ = {isa = PBXFileReference; lastKnownFileType = text.plist.strings; name = en; path = en.lproj/InfoPlist.strings; sourceTree = "<group>"; };
		83DC4716187311D200DEB6C2 /* Weather_ForecastTests.m */ = {isa = PBXFileReference; lastKnownFileType = sourcecode.c.objc; path = Weather_ForecastTests.m; sourceTree = "<group>"; };
		83DC47201873127900DEB6C2 /* Storyboard.storyboard */ = {isa = PBXFileReference; fileEncoding = 4; lastKnownFileType = file.storyboard; path = Storyboard.storyboard; sourceTree = "<group>"; };
		83DC472218731F1700DEB6C2 /* AddCityViewController.h */ = {isa = PBXFileReference; fileEncoding = 4; lastKnownFileType = sourcecode.c.h; path = AddCityViewController.h; sourceTree = "<group>"; };
		83DC472318731F1700DEB6C2 /* AddCityViewController.m */ = {isa = PBXFileReference; fileEncoding = 4; lastKnownFileType = sourcecode.c.objc; path = AddCityViewController.m; sourceTree = "<group>"; };
		83DC47251873527400DEB6C2 /* CitiesViewController.h */ = {isa = PBXFileReference; fileEncoding = 4; lastKnownFileType = sourcecode.c.h; path = CitiesViewController.h; sourceTree = "<group>"; };
		83DC47261873527400DEB6C2 /* CitiesViewController.m */ = {isa = PBXFileReference; fileEncoding = 4; lastKnownFileType = sourcecode.c.objc; path = CitiesViewController.m; sourceTree = "<group>"; };
		83DC476D1873619400DEB6C2 /* CityCell.h */ = {isa = PBXFileReference; fileEncoding = 4; lastKnownFileType = sourcecode.c.h; path = CityCell.h; sourceTree = "<group>"; };
		83DC476E1873619400DEB6C2 /* CityCell.m */ = {isa = PBXFileReference; fileEncoding = 4; lastKnownFileType = sourcecode.c.objc; path = CityCell.m; sourceTree = "<group>"; };
/* End PBXFileReference section */

/* Begin PBXFrameworksBuildPhase section */
		83DC46EB187311D100DEB6C2 /* Frameworks */ = {
			isa = PBXFrameworksBuildPhase;
			buildActionMask = 2147483647;
			files = (
				83DC46F4187311D200DEB6C2 /* CoreGraphics.framework in Frameworks */,
				83DC46F6187311D200DEB6C2 /* UIKit.framework in Frameworks */,
				83DC46F2187311D200DEB6C2 /* Foundation.framework in Frameworks */,
			);
			runOnlyForDeploymentPostprocessing = 0;
		};
		83DC4706187311D200DEB6C2 /* Frameworks */ = {
			isa = PBXFrameworksBuildPhase;
			buildActionMask = 2147483647;
			files = (
				83DC470B187311D200DEB6C2 /* XCTest.framework in Frameworks */,
				83DC470D187311D200DEB6C2 /* UIKit.framework in Frameworks */,
				83DC470C187311D200DEB6C2 /* Foundation.framework in Frameworks */,
			);
			runOnlyForDeploymentPostprocessing = 0;
		};
/* End PBXFrameworksBuildPhase section */

/* Begin PBXGroup section */
		83DC46E5187311D100DEB6C2 = {
			isa = PBXGroup;
			children = (
				83DC46F7187311D200DEB6C2 /* Weather Forecast */,
				83DC4710187311D200DEB6C2 /* Weather ForecastTests */,
				83DC46F0187311D200DEB6C2 /* Frameworks */,
				83DC46EF187311D200DEB6C2 /* Products */,
			);
			sourceTree = "<group>";
		};
		83DC46EF187311D200DEB6C2 /* Products */ = {
			isa = PBXGroup;
			children = (
				83DC46EE187311D200DEB6C2 /* Weather Forecast.app */,
				83DC4709187311D200DEB6C2 /* Weather ForecastTests.xctest */,
			);
			name = Products;
			sourceTree = "<group>";
		};
		83DC46F0187311D200DEB6C2 /* Frameworks */ = {
			isa = PBXGroup;
			children = (
				83DC46F1187311D200DEB6C2 /* Foundation.framework */,
				83DC46F3187311D200DEB6C2 /* CoreGraphics.framework */,
				83DC46F5187311D200DEB6C2 /* UIKit.framework */,
				83DC470A187311D200DEB6C2 /* XCTest.framework */,
			);
			name = Frameworks;
			sourceTree = "<group>";
		};
		83DC46F7187311D200DEB6C2 /* Weather Forecast */ = {
			isa = PBXGroup;
			children = (
				83DC476C187360E900DEB6C2 /* Klasy */,
				83DC4700187311D200DEB6C2 /* AppDelegate.h */,
				83DC4701187311D200DEB6C2 /* AppDelegate.m */,
				83DC4703187311D200DEB6C2 /* Images.xcassets */,
				83DC46F8187311D200DEB6C2 /* Supporting Files */,
				83DC47201873127900DEB6C2 /* Storyboard.storyboard */,
				83DC472218731F1700DEB6C2 /* AddCityViewController.h */,
				83DC472318731F1700DEB6C2 /* AddCityViewController.m */,
				83DC47251873527400DEB6C2 /* CitiesViewController.h */,
				83DC47261873527400DEB6C2 /* CitiesViewController.m */,
				8361E35218773B61001F872A /* WeatherDetailsViewController.h */,
				8361E35318773B61001F872A /* WeatherDetailsViewController.m */,
				837C45761879B3AE00F897E7 /* PageViewController.h */,
				837C45771879B3AE00F897E7 /* PageViewController.m */,
			);
			path = "Weather Forecast";
			sourceTree = "<group>";
		};
		83DC46F8187311D200DEB6C2 /* Supporting Files */ = {
			isa = PBXGroup;
			children = (
				83DC46F9187311D200DEB6C2 /* Weather Forecast-Info.plist */,
				83DC46FA187311D200DEB6C2 /* InfoPlist.strings */,
				83DC46FD187311D200DEB6C2 /* main.m */,
				83DC46FF187311D200DEB6C2 /* Weather Forecast-Prefix.pch */,
			);
			name = "Supporting Files";
			sourceTree = "<group>";
		};
		83DC4710187311D200DEB6C2 /* Weather ForecastTests */ = {
			isa = PBXGroup;
			children = (
				83DC4716187311D200DEB6C2 /* Weather_ForecastTests.m */,
				83DC4711187311D200DEB6C2 /* Supporting Files */,
			);
			path = "Weather ForecastTests";
			sourceTree = "<group>";
		};
		83DC4711187311D200DEB6C2 /* Supporting Files */ = {
			isa = PBXGroup;
			children = (
				83DC4712187311D200DEB6C2 /* Weather ForecastTests-Info.plist */,
				83DC4713187311D200DEB6C2 /* InfoPlist.strings */,
			);
			name = "Supporting Files";
			sourceTree = "<group>";
		};
		83DC476C187360E900DEB6C2 /* Klasy */ = {
			isa = PBXGroup;
			children = (
				83DC476D1873619400DEB6C2 /* CityCell.h */,
				83DC476E1873619400DEB6C2 /* CityCell.m */,
				83B0E2CF18743CE9007EE5FB /* City.h */,
				83B0E2D018743CE9007EE5FB /* City.m */,
				83B0E2D21874D165007EE5FB /* IconPicker.h */,
				83B0E2D31874D165007EE5FB /* IconPicker.m */,
				837C45791879B5BE00F897E7 /* WeatherForecastViewController.h */,
				837C457A1879B5BE00F897E7 /* WeatherForecastViewController.m */,
			);
			name = Klasy;
			sourceTree = "<group>";
		};
/* End PBXGroup section */

/* Begin PBXNativeTarget section */
		83DC46ED187311D100DEB6C2 /* Weather Forecast */ = {
			isa = PBXNativeTarget;
			buildConfigurationList = 83DC471A187311D200DEB6C2 /* Build configuration list for PBXNativeTarget "Weather Forecast" */;
			buildPhases = (
				83DC46EA187311D100DEB6C2 /* Sources */,
				83DC46EB187311D100DEB6C2 /* Frameworks */,
				83DC46EC187311D100DEB6C2 /* Resources */,
			);
			buildRules = (
			);
			dependencies = (
			);
			name = "Weather Forecast";
			productName = "Weather Forecast";
			productReference = 83DC46EE187311D200DEB6C2 /* Weather Forecast.app */;
			productType = "com.apple.product-type.application";
		};
		83DC4708187311D200DEB6C2 /* Weather ForecastTests */ = {
			isa = PBXNativeTarget;
			buildConfigurationList = 83DC471D187311D200DEB6C2 /* Build configuration list for PBXNativeTarget "Weather ForecastTests" */;
			buildPhases = (
				83DC4705187311D200DEB6C2 /* Sources */,
				83DC4706187311D200DEB6C2 /* Frameworks */,
				83DC4707187311D200DEB6C2 /* Resources */,
			);
			buildRules = (
			);
			dependencies = (
				83DC470F187311D200DEB6C2 /* PBXTargetDependency */,
			);
			name = "Weather ForecastTests";
			productName = "Weather ForecastTests";
			productReference = 83DC4709187311D200DEB6C2 /* Weather ForecastTests.xctest */;
			productType = "com.apple.product-type.bundle.unit-test";
		};
/* End PBXNativeTarget section */

/* Begin PBXProject section */
		83DC46E6187311D100DEB6C2 /* Project object */ = {
			isa = PBXProject;
			attributes = {
				LastUpgradeCheck = 0500;
				ORGANIZATIONNAME = "Mateusz Grzyb";
				TargetAttributes = {
					83DC4708187311D200DEB6C2 = {
						TestTargetID = 83DC46ED187311D100DEB6C2;
					};
				};
			};
			buildConfigurationList = 83DC46E9187311D100DEB6C2 /* Build configuration list for PBXProject "Weather Forecast" */;
			compatibilityVersion = "Xcode 3.2";
			developmentRegion = English;
			hasScannedForEncodings = 0;
			knownRegions = (
				en,
			);
			mainGroup = 83DC46E5187311D100DEB6C2;
			productRefGroup = 83DC46EF187311D200DEB6C2 /* Products */;
			projectDirPath = "";
			projectRoot = "";
			targets = (
				83DC46ED187311D100DEB6C2 /* Weather Forecast */,
				83DC4708187311D200DEB6C2 /* Weather ForecastTests */,
			);
		};
/* End PBXProject section */

/* Begin PBXResourcesBuildPhase section */
		83DC46EC187311D100DEB6C2 /* Resources */ = {
			isa = PBXResourcesBuildPhase;
			buildActionMask = 2147483647;
			files = (
				83DC46FC187311D200DEB6C2 /* InfoPlist.strings in Resources */,
				83DC4704187311D200DEB6C2 /* Images.xcassets in Resources */,
				83DC47211873127900DEB6C2 /* Storyboard.storyboard in Resources */,
			);
			runOnlyForDeploymentPostprocessing = 0;
		};
		83DC4707187311D200DEB6C2 /* Resources */ = {
			isa = PBXResourcesBuildPhase;
			buildActionMask = 2147483647;
			files = (
				83DC4715187311D200DEB6C2 /* InfoPlist.strings in Resources */,
			);
			runOnlyForDeploymentPostprocessing = 0;
		};
/* End PBXResourcesBuildPhase section */

/* Begin PBXSourcesBuildPhase section */
		83DC46EA187311D100DEB6C2 /* Sources */ = {
			isa = PBXSourcesBuildPhase;
			buildActionMask = 2147483647;
			files = (
				83DC472418731F1700DEB6C2 /* AddCityViewController.m in Sources */,
				83DC476F1873619400DEB6C2 /* CityCell.m in Sources */,
				837C457B1879B5BE00F897E7 /* WeatherForecastViewController.m in Sources */,
				837C45781879B3AE00F897E7 /* PageViewController.m in Sources */,
				83B0E2D118743CE9007EE5FB /* City.m in Sources */,
				83DC47271873527400DEB6C2 /* CitiesViewController.m in Sources */,
				83B0E2D41874D165007EE5FB /* IconPicker.m in Sources */,
				83DC4702187311D200DEB6C2 /* AppDelegate.m in Sources */,
				8361E35418773B61001F872A /* WeatherDetailsViewController.m in Sources */,
				83DC46FE187311D200DEB6C2 /* main.m in Sources */,
			);
			runOnlyForDeploymentPostprocessing = 0;
		};
		83DC4705187311D200DEB6C2 /* Sources */ = {
			isa = PBXSourcesBuildPhase;
			buildActionMask = 2147483647;
			files = (
				83DC4717187311D200DEB6C2 /* Weather_ForecastTests.m in Sources */,
			);
			runOnlyForDeploymentPostprocessing = 0;
		};
/* End PBXSourcesBuildPhase section */

/* Begin PBXTargetDependency section */
		83DC470F187311D200DEB6C2 /* PBXTargetDependency */ = {
			isa = PBXTargetDependency;
			target = 83DC46ED187311D100DEB6C2 /* Weather Forecast */;
			targetProxy = 83DC470E187311D200DEB6C2 /* PBXContainerItemProxy */;
		};
/* End PBXTargetDependency section */

/* Begin PBXVariantGroup section */
		83DC46FA187311D200DEB6C2 /* InfoPlist.strings */ = {
			isa = PBXVariantGroup;
			children = (
				83DC46FB187311D200DEB6C2 /* en */,
			);
			name = InfoPlist.strings;
			sourceTree = "<group>";
		};
		83DC4713187311D200DEB6C2 /* InfoPlist.strings */ = {
			isa = PBXVariantGroup;
			children = (
				83DC4714187311D200DEB6C2 /* en */,
			);
			name = InfoPlist.strings;
			sourceTree = "<group>";
		};
/* End PBXVariantGroup section */

/* Begin XCBuildConfiguration section */
		83DC4718187311D200DEB6C2 /* Debug */ = {
			isa = XCBuildConfiguration;
			buildSettings = {
				ALWAYS_SEARCH_USER_PATHS = NO;
				ARCHS = "$(ARCHS_STANDARD_INCLUDING_64_BIT)";
				CLANG_CXX_LANGUAGE_STANDARD = "gnu++0x";
				CLANG_CXX_LIBRARY = "libc++";
				CLANG_ENABLE_MODULES = YES;
				CLANG_ENABLE_OBJC_ARC = YES;
				CLANG_WARN_BOOL_CONVERSION = YES;
				CLANG_WARN_CONSTANT_CONVERSION = YES;
				CLANG_WARN_DIRECT_OBJC_ISA_USAGE = YES_ERROR;
				CLANG_WARN_EMPTY_BODY = YES;
				CLANG_WARN_ENUM_CONVERSION = YES;
				CLANG_WARN_INT_CONVERSION = YES;
				CLANG_WARN_OBJC_ROOT_CLASS = YES_ERROR;
				CLANG_WARN__DUPLICATE_METHOD_MATCH = YES;
				"CODE_SIGN_IDENTITY[sdk=iphoneos*]" = "iPhone Developer";
				COPY_PHASE_STRIP = NO;
				GCC_C_LANGUAGE_STANDARD = gnu99;
				GCC_DYNAMIC_NO_PIC = NO;
				GCC_OPTIMIZATION_LEVEL = 0;
				GCC_PREPROCESSOR_DEFINITIONS = (
					"DEBUG=1",
					"$(inherited)",
				);
				GCC_SYMBOLS_PRIVATE_EXTERN = NO;
				GCC_WARN_64_TO_32_BIT_CONVERSION = YES;
				GCC_WARN_ABOUT_RETURN_TYPE = YES_ERROR;
				GCC_WARN_UNDECLARED_SELECTOR = YES;
				GCC_WARN_UNINITIALIZED_AUTOS = YES;
				GCC_WARN_UNUSED_FUNCTION = YES;
				GCC_WARN_UNUSED_VARIABLE = YES;
				IPHONEOS_DEPLOYMENT_TARGET = 7.0;
				ONLY_ACTIVE_ARCH = YES;
				SDKROOT = iphoneos;
			};
			name = Debug;
		};
		83DC4719187311D200DEB6C2 /* Release */ = {
			isa = XCBuildConfiguration;
			buildSettings = {
				ALWAYS_SEARCH_USER_PATHS = NO;
				ARCHS = "$(ARCHS_STANDARD_INCLUDING_64_BIT)";
				CLANG_CXX_LANGUAGE_STANDARD = "gnu++0x";
				CLANG_CXX_LIBRARY = "libc++";
				CLANG_ENABLE_MODULES = YES;
				CLANG_ENABLE_OBJC_ARC = YES;
				CLANG_WARN_BOOL_CONVERSION = YES;
				CLANG_WARN_CONSTANT_CONVERSION = YES;
				CLANG_WARN_DIRECT_OBJC_ISA_USAGE = YES_ERROR;
				CLANG_WARN_EMPTY_BODY = YES;
				CLANG_WARN_ENUM_CONVERSION = YES;
				CLANG_WARN_INT_CONVERSION = YES;
				CLANG_WARN_OBJC_ROOT_CLASS = YES_ERROR;
				CLANG_WARN__DUPLICATE_METHOD_MATCH = YES;
				"CODE_SIGN_IDENTITY[sdk=iphoneos*]" = "iPhone Developer";
				COPY_PHASE_STRIP = YES;
				ENABLE_NS_ASSERTIONS = NO;
				GCC_C_LANGUAGE_STANDARD = gnu99;
				GCC_WARN_64_TO_32_BIT_CONVERSION = YES;
				GCC_WARN_ABOUT_RETURN_TYPE = YES_ERROR;
				GCC_WARN_UNDECLARED_SELECTOR = YES;
				GCC_WARN_UNINITIALIZED_AUTOS = YES;
				GCC_WARN_UNUSED_FUNCTION = YES;
				GCC_WARN_UNUSED_VARIABLE = YES;
				IPHONEOS_DEPLOYMENT_TARGET = 7.0;
				SDKROOT = iphoneos;
				VALIDATE_PRODUCT = YES;
			};
			name = Release;
		};
		83DC471B187311D200DEB6C2 /* Debug */ = {
			isa = XCBuildConfiguration;
			buildSettings = {
				ASSETCATALOG_COMPILER_APPICON_NAME = AppIcon;
				ASSETCATALOG_COMPILER_LAUNCHIMAGE_NAME = LaunchImage;
				GCC_PRECOMPILE_PREFIX_HEADER = YES;
				GCC_PREFIX_HEADER = "Weather Forecast/Weather Forecast-Prefix.pch";
				INFOPLIST_FILE = "Weather Forecast/Weather Forecast-Info.plist";
				PRODUCT_NAME = "$(TARGET_NAME)";
				WRAPPER_EXTENSION = app;
			};
			name = Debug;
		};
		83DC471C187311D200DEB6C2 /* Release */ = {
			isa = XCBuildConfiguration;
			buildSettings = {
				ASSETCATALOG_COMPILER_APPICON_NAME = AppIcon;
				ASSETCATALOG_COMPILER_LAUNCHIMAGE_NAME = LaunchImage;
				GCC_PRECOMPILE_PREFIX_HEADER = YES;
				GCC_PREFIX_HEADER = "Weather Forecast/Weather Forecast-Prefix.pch";
				INFOPLIST_FILE = "Weather Forecast/Weather Forecast-Info.plist";
				PRODUCT_NAME = "$(TARGET_NAME)";
				WRAPPER_EXTENSION = app;
			};
			name = Release;
		};
		83DC471E187311D200DEB6C2 /* Debug */ = {
			isa = XCBuildConfiguration;
			buildSettings = {
				ARCHS = "$(ARCHS_STANDARD_INCLUDING_64_BIT)";
				BUNDLE_LOADER = "$(BUILT_PRODUCTS_DIR)/Weather Forecast.app/Weather Forecast";
				FRAMEWORK_SEARCH_PATHS = (
					"$(SDKROOT)/Developer/Library/Frameworks",
					"$(inherited)",
					"$(DEVELOPER_FRAMEWORKS_DIR)",
				);
				GCC_PRECOMPILE_PREFIX_HEADER = YES;
				GCC_PREFIX_HEADER = "Weather Forecast/Weather Forecast-Prefix.pch";
				GCC_PREPROCESSOR_DEFINITIONS = (
					"DEBUG=1",
					"$(inherited)",
				);
				INFOPLIST_FILE = "Weather ForecastTests/Weather ForecastTests-Info.plist";
				PRODUCT_NAME = "$(TARGET_NAME)";
				TEST_HOST = "$(BUNDLE_LOADER)";
				WRAPPER_EXTENSION = xctest;
			};
			name = Debug;
		};
		83DC471F187311D200DEB6C2 /* Release */ = {
			isa = XCBuildConfiguration;
			buildSettings = {
				ARCHS = "$(ARCHS_STANDARD_INCLUDING_64_BIT)";
				BUNDLE_LOADER = "$(BUILT_PRODUCTS_DIR)/Weather Forecast.app/Weather Forecast";
				FRAMEWORK_SEARCH_PATHS = (
					"$(SDKROOT)/Developer/Library/Frameworks",
					"$(inherited)",
					"$(DEVELOPER_FRAMEWORKS_DIR)",
				);
				GCC_PRECOMPILE_PREFIX_HEADER = YES;
				GCC_PREFIX_HEADER = "Weather Forecast/Weather Forecast-Prefix.pch";
				INFOPLIST_FILE = "Weather ForecastTests/Weather ForecastTests-Info.plist";
				PRODUCT_NAME = "$(TARGET_NAME)";
				TEST_HOST = "$(BUNDLE_LOADER)";
				WRAPPER_EXTENSION = xctest;
			};
			name = Release;
		};
/* End XCBuildConfiguration section */

/* Begin XCConfigurationList section */
		83DC46E9187311D100DEB6C2 /* Build configuration list for PBXProject "Weather Forecast" */ = {
			isa = XCConfigurationList;
			buildConfigurations = (
				83DC4718187311D200DEB6C2 /* Debug */,
				83DC4719187311D200DEB6C2 /* Release */,
			);
			defaultConfigurationIsVisible = 0;
			defaultConfigurationName = Release;
		};
		83DC471A187311D200DEB6C2 /* Build configuration list for PBXNativeTarget "Weather Forecast" */ = {
			isa = XCConfigurationList;
			buildConfigurations = (
				83DC471B187311D200DEB6C2 /* Debug */,
				83DC471C187311D200DEB6C2 /* Release */,
			);
			defaultConfigurationIsVisible = 0;
			defaultConfigurationName = Release;
		};
		83DC471D187311D200DEB6C2 /* Build configuration list for PBXNativeTarget "Weather ForecastTests" */ = {
			isa = XCConfigurationList;
			buildConfigurations = (
				83DC471E187311D200DEB6C2 /* Debug */,
				83DC471F187311D200DEB6C2 /* Release */,
			);
			defaultConfigurationIsVisible = 0;
			defaultConfigurationName = Release;
		};
/* End XCConfigurationList section */
	};
	rootObject = 83DC46E6187311D100DEB6C2 /* Project object */;
}
